<?xml version="1.0" encoding="utf-8"?>
<Project ToolsVersion="4.0" xmlns="http://schemas.microsoft.com/developer/msbuild/2003">
  <ItemGroup>
    <Filter Include="Lib.Utils">
      <UniqueIdentifier>{4FC737F1-C7A5-4376-A066-2A32D752A2FF}</UniqueIdentifier>
      <Extensions>cpp;c;cc;cxx;def;odl;idl;hpj;bat;asm;asmx</Extensions>
    </Filter>
    <Filter Include="Lib.Module">
      <UniqueIdentifier>{67DA6AB6-F800-4c08-8B7A-83BB121AAD01}</UniqueIdentifier>
      <Extensions>rc;ico;cur;bmp;dlg;rc2;rct;bin;rgs;gif;jpg;jpeg;jpe;resx;tiff;tif;png;wav;mfcribbon-ms</Extensions>
    </Filter>
    <Filter Include="Dev">
      <UniqueIdentifier>{93995380-89BD-4b04-88EB-625FBE52EBFB}</UniqueIdentifier>
      <Extensions>h;hh;hpp;hxx;hm;inl;inc;ipp;xsd</Extensions>
    </Filter>
  </ItemGroup>
  <ItemGroup>
    <ClCompile Include="main.cpp" />
    <ClCompile Include="Dev\devDuperStar.cpp">
      <Filter>Dev</Filter>
    </ClCompile>
    <ClCompile Include="Dev\devDuperStar_ModDuperStar.cpp">
      <Filter>Dev</Filter>
    </ClCompile>
    <ClCompile Include="Dev\devDuperStar_ModDuperStar_Board.cpp">
      <Filter>Dev</Filter>
    </ClCompile>
    <ClCompile Include="Dev\devLog.cpp">
      <Filter>Dev</Filter>
    </ClCompile>
    <ClCompile Include="Lib.Module\modFiniteStateMachine.cpp">
      <Filter>Lib.Module</Filter>
    </ClCompile>
    <ClCompile Include="Lib.Module\modFiniteStateMachine_Attribute.cpp">
      <Filter>Lib.Module</Filter>
    </ClCompile>
    <ClCompile Include="Lib.Module\modFiniteStateMachine_State.cpp">
      <Filter>Lib.Module</Filter>
    </ClCompile>
    <ClCompile Include="Lib.Module\modFiniteStateMachine_StateError.cpp">
      <Filter>Lib.Module</Filter>
    </ClCompile>
    <ClCompile Include="Lib.Module\modFiniteStateMachine_StateHalt.cpp">
      <Filter>Lib.Module</Filter>
    </ClCompile>
    <ClCompile Include="Lib.Module\modFiniteStateMachine_StateInitialize.cpp">
      <Filter>Lib.Module</Filter>
    </ClCompile>
    <ClCompile Include="Lib.Module\modFiniteStateMachine_StateOperation.cpp">
      <Filter>Lib.Module</Filter>
    </ClCompile>
    <ClCompile Include="Lib.Module\modFiniteStateMachine_StateStart.cpp">
      <Filter>Lib.Module</Filter>
    </ClCompile>
    <ClCompile Include="Lib.Module\modFiniteStateMachine_StateStop.cpp">
      <Filter>Lib.Module</Filter>
    </ClCompile>
    <ClCompile Include="Lib.Utils\utilsLog.cpp">
      <Filter>Lib.Utils</Filter>
    </ClCompile>
    <ClCompile Include="Lib.Utils\utilsShell.cpp">
      <Filter>Lib.Utils</Filter>
    </ClCompile>
    <ClCompile Include="Lib.Utils\utilsPacketNMEAType.cpp">
      <Filter>Lib.Utils</Filter>
    </ClCompile>
  </ItemGroup>
  <ItemGroup>
    <ClInclude Include="devConfig.h" />
    <ClInclude Include="libConfig.h" />
    <ClInclude Include="Dev\devDuperStar.h">
      <Filter>Dev</Filter>
    </ClInclude>
    <ClInclude Include="Dev\devLog.h">
      <Filter>Dev</Filter>
    </ClInclude>
    <ClInclude Include="Lib.Module\modFiniteStateMachine.h">
      <Filter>Lib.Module</Filter>
    </ClInclude>
    <ClInclude Include="Lib.Module\modFiniteStateMachine_Attribute.h">
      <Filter>Lib.Module</Filter>
    </ClInclude>
    <ClInclude Include="Lib.Utils\utilsBase.h">
      <Filter>Lib.Utils</Filter>
    </ClInclude>
    <ClInclude Include="Lib.Utils\utilsCRC.h">
      <Filter>Lib.Utils</Filter>
    </ClInclude>
    <ClInclude Include="Lib.Utils\utilsLog.h">
      <Filter>Lib.Utils</Filter>
    </ClInclude>
    <ClInclude Include="Lib.Utils\utilsPacket.h">
      <Filter>Lib.Utils</Filter>
    </ClInclude>
    <ClInclude Include="Lib.Utils\utilsPacketNMEA.h">
      <Filter>Lib.Utils</Filter>
    </ClInclude>
    <ClInclude Include="Lib.Utils\utilsPacketNMEAPayload.h">
      <Filter>Lib.Utils</Filter>
    </ClInclude>
    <ClInclude Include="Lib.Utils\utilsPatternCommand.h">
      <Filter>Lib.Utils</Filter>
    </ClInclude>
    <ClInclude Include="Lib.Utils\utilsPatternState.h">
      <Filter>Lib.Utils</Filter>
    </ClInclude>
    <ClInclude Include="Lib.Utils\utilsShell.h">
      <Filter>Lib.Utils</Filter>
    </ClInclude>
    <ClInclude Include="Lib.Utils\utilsPacketNMEAType.h">
      <Filter>Lib.Utils</Filter>
    </ClInclude>
  </ItemGroup>
  <ItemGroup>
    <None Include="DuperStar.exe.ini" />
  </ItemGroup>
</Project>